
Microsoft Visual Studio Solution File, Format Version 12.00
# Visual Studio Version 17
VisualStudioVersion = 17.0.31903.59
MinimumVisualStudioVersion = 10.0.40219.1
Project("{2150E333-8FDC-42A3-9474-1A3956D46DE8}") = "src", "src", "{827E0CD3-B72D-47B6-A68D-7590B98EB39B}"
EndProject
Project("{FAE04EC0-301F-11D3-BF4B-00C04F79EFBC}") = "AikoOS.AI", "src\AikoOS.AI\AikoOS.AI.csproj", "{66D2B941-7DB8-4D84-8EDE-68F441404339}"
EndProject
Project("{FAE04EC0-301F-11D3-BF4B-00C04F79EFBC}") = "AikoOS.Core", "src\AikoOS.Core\AikoOS.Core.csproj", "{FB66D7CE-2757-4AF9-AD3C-0AC1B09E6BF2}"
EndProject
Project("{FAE04EC0-301F-11D3-BF4B-00C04F79EFBC}") = "AikoOS.App", "src\AikoOS.App\AikoOS.App.csproj", "{F122531F-638B-4E0E-B293-A292E7359383}"
EndProject
Project("{FAE04EC0-301F-11D3-BF4B-00C04F79EFBC}") = "AikoOS.Runtime", "src\AikoOS.Runtime\AikoOS.Runtime.csproj", "{A6CAEF3D-AED8-42E0-97F8-4788E6ACDF05}"
EndProject
Project("{FAE04EC0-301F-11D3-BF4B-00C04F79EFBC}") = "AikoOS.Memory", "src\AikoOS.Memory\AikoOS.Memory.csproj", "{CEE80C97-073A-4E83-BCD7-A7D8B1759DB4}"
EndProject
Project("{FAE04EC0-301F-11D3-BF4B-00C04F79EFBC}") = "AikoOS.Infrastructure", "src\AikoOS.Infrastructure\AikoOS.Infrastructure.csproj", "{EF27EAE8-1CEE-45A2-A9F6-19F652B8B487}"
EndProject
Project("{2150E333-8FDC-42A3-9474-1A3956D46DE8}") = "tests", "tests", "{0AB3BF05-4346-4AA6-1389-037BE0695223}"
EndProject
Project("{FAE04EC0-301F-11D3-BF4B-00C04F79EFBC}") = "AikoOS.AI.Tests", "tests\AikoOS.AI.Tests\AikoOS.AI.Tests.csproj", "{9B4CB598-0A5A-4F6C-894D-5A4EA27CE6F0}"
EndProject
Project("{FAE04EC0-301F-11D3-BF4B-00C04F79EFBC}") = "AikoOS.Core.Tests", "tests\AikoOS.Core.Tests\AikoOS.Core.Tests.csproj", "{279D631D-8A5C-4C23-BD48-F754D5AD3C44}"
EndProject
Project("{FAE04EC0-301F-11D3-BF4B-00C04F79EFBC}") = "AikoOS.Integration.Tests", "tests\AikoOS.Integration.Tests\AikoOS.Integration.Tests.csproj", "{0843C397-3119-4EE9-9C70-C9FF3B4D43EA}"
EndProject
Project("{FAE04EC0-301F-11D3-BF4B-00C04F79EFBC}") = "AikoOS.Memory.Tests", "tests\AikoOS.Memory.Tests\AikoOS.Memory.Tests.csproj", "{850D7213-4D35-46C4-B54E-24FBDF95270D}"
EndProject
Project("{FAE04EC0-301F-11D3-BF4B-00C04F79EFBC}") = "AikoOS.Runtime.Tests", "tests\AikoOS.Runtime.Tests\AikoOS.Runtime.Tests.csproj", "{858AB698-9838-40EE-931D-84B582B299F8}"
EndProject
Project("{FAE04EC0-301F-11D3-BF4B-00C04F79EFBC}") = "AikoOS.Behavior", "src\AikoOS.Behavior\AikoOS.Behavior.csproj", "{40DB5CDD-FABE-4805-944F-3867EC221722}"
EndProject
Project("{FAE04EC0-301F-11D3-BF4B-00C04F79EFBC}") = "AikoOS.Live2D", "src\AikoOS.Live2D\AikoOS.Live2D.csproj", "{8ADDC536-84C8-4FCB-9DAA-562FB416C2F5}"
EndProject
Global
	GlobalSection(SolutionConfigurationPlatforms) = preSolution
		Debug|Any CPU = Debug|Any CPU
		Debug|x64 = Debug|x64
		Debug|x86 = Debug|x86
		Release|Any CPU = Release|Any CPU
		Release|x64 = Release|x64
		Release|x86 = Release|x86
	EndGlobalSection
	GlobalSection(ProjectConfigurationPlatforms) = postSolution
		{66D2B941-7DB8-4D84-8EDE-68F441404339}.Debug|Any CPU.ActiveCfg = Debug|Any CPU
		{66D2B941-7DB8-4D84-8EDE-68F441404339}.Debug|Any CPU.Build.0 = Debug|Any CPU
		{66D2B941-7DB8-4D84-8EDE-68F441404339}.Debug|x64.ActiveCfg = Debug|Any CPU
		{66D2B941-7DB8-4D84-8EDE-68F441404339}.Debug|x64.Build.0 = Debug|Any CPU
		{66D2B941-7DB8-4D84-8EDE-68F441404339}.Debug|x86.ActiveCfg = Debug|Any CPU
		{66D2B941-7DB8-4D84-8EDE-68F441404339}.Debug|x86.Build.0 = Debug|Any CPU
		{66D2B941-7DB8-4D84-8EDE-68F441404339}.Release|Any CPU.ActiveCfg = Release|Any CPU
		{66D2B941-7DB8-4D84-8EDE-68F441404339}.Release|Any CPU.Build.0 = Release|Any CPU
		{66D2B941-7DB8-4D84-8EDE-68F441404339}.Release|x64.ActiveCfg = Release|Any CPU
		{66D2B941-7DB8-4D84-8EDE-68F441404339}.Release|x64.Build.0 = Release|Any CPU
		{66D2B941-7DB8-4D84-8EDE-68F441404339}.Release|x86.ActiveCfg = Release|Any CPU
		{66D2B941-7DB8-4D84-8EDE-68F441404339}.Release|x86.Build.0 = Release|Any CPU
		{FB66D7CE-2757-4AF9-AD3C-0AC1B09E6BF2}.Debug|Any CPU.ActiveCfg = Debug|Any CPU
		{FB66D7CE-2757-4AF9-AD3C-0AC1B09E6BF2}.Debug|Any CPU.Build.0 = Debug|Any CPU
		{FB66D7CE-2757-4AF9-AD3C-0AC1B09E6BF2}.Debug|x64.ActiveCfg = Debug|Any CPU
		{FB66D7CE-2757-4AF9-AD3C-0AC1B09E6BF2}.Debug|x64.Build.0 = Debug|Any CPU
		{FB66D7CE-2757-4AF9-AD3C-0AC1B09E6BF2}.Debug|x86.ActiveCfg = Debug|Any CPU
		{FB66D7CE-2757-4AF9-AD3C-0AC1B09E6BF2}.Debug|x86.Build.0 = Debug|Any CPU
		{FB66D7CE-2757-4AF9-AD3C-0AC1B09E6BF2}.Release|Any CPU.ActiveCfg = Release|Any CPU
		{FB66D7CE-2757-4AF9-AD3C-0AC1B09E6BF2}.Release|Any CPU.Build.0 = Release|Any CPU
		{FB66D7CE-2757-4AF9-AD3C-0AC1B09E6BF2}.Release|x64.ActiveCfg = Release|Any CPU
		{FB66D7CE-2757-4AF9-AD3C-0AC1B09E6BF2}.Release|x64.Build.0 = Release|Any CPU
		{FB66D7CE-2757-4AF9-AD3C-0AC1B09E6BF2}.Release|x86.ActiveCfg = Release|Any CPU
		{FB66D7CE-2757-4AF9-AD3C-0AC1B09E6BF2}.Release|x86.Build.0 = Release|Any CPU
		{F122531F-638B-4E0E-B293-A292E7359383}.Debug|Any CPU.ActiveCfg = Debug|Any CPU
		{F122531F-638B-4E0E-B293-A292E7359383}.Debug|Any CPU.Build.0 = Debug|Any CPU
		{F122531F-638B-4E0E-B293-A292E7359383}.Debug|x64.ActiveCfg = Debug|Any CPU
		{F122531F-638B-4E0E-B293-A292E7359383}.Debug|x64.Build.0 = Debug|Any CPU
		{F122531F-638B-4E0E-B293-A292E7359383}.Debug|x86.ActiveCfg = Debug|Any CPU
		{F122531F-638B-4E0E-B293-A292E7359383}.Debug|x86.Build.0 = Debug|Any CPU
		{F122531F-638B-4E0E-B293-A292E7359383}.Release|Any CPU.ActiveCfg = Release|Any CPU
		{F122531F-638B-4E0E-B293-A292E7359383}.Release|Any CPU.Build.0 = Release|Any CPU
		{F122531F-638B-4E0E-B293-A292E7359383}.Release|x64.ActiveCfg = Release|Any CPU
		{F122531F-638B-4E0E-B293-A292E7359383}.Release|x64.Build.0 = Release|Any CPU
		{F122531F-638B-4E0E-B293-A292E7359383}.Release|x86.ActiveCfg = Release|Any CPU
		{F122531F-638B-4E0E-B293-A292E7359383}.Release|x86.Build.0 = Release|Any CPU
		{A6CAEF3D-AED8-42E0-97F8-4788E6ACDF05}.Debug|Any CPU.ActiveCfg = Debug|Any CPU
		{A6CAEF3D-AED8-42E0-97F8-4788E6ACDF05}.Debug|Any CPU.Build.0 = Debug|Any CPU
		{A6CAEF3D-AED8-42E0-97F8-4788E6ACDF05}.Debug|x64.ActiveCfg = Debug|Any CPU
		{A6CAEF3D-AED8-42E0-97F8-4788E6ACDF05}.Debug|x64.Build.0 = Debug|Any CPU
		{A6CAEF3D-AED8-42E0-97F8-4788E6ACDF05}.Debug|x86.ActiveCfg = Debug|Any CPU
		{A6CAEF3D-AED8-42E0-97F8-4788E6ACDF05}.Debug|x86.Build.0 = Debug|Any CPU
		{A6CAEF3D-AED8-42E0-97F8-4788E6ACDF05}.Release|Any CPU.ActiveCfg = Release|Any CPU
		{A6CAEF3D-AED8-42E0-97F8-4788E6ACDF05}.Release|Any CPU.Build.0 = Release|Any CPU
		{A6CAEF3D-AED8-42E0-97F8-4788E6ACDF05}.Release|x64.ActiveCfg = Release|Any CPU
		{A6CAEF3D-AED8-42E0-97F8-4788E6ACDF05}.Release|x64.Build.0 = Release|Any CPU
		{A6CAEF3D-AED8-42E0-97F8-4788E6ACDF05}.Release|x86.ActiveCfg = Release|Any CPU
		{A6CAEF3D-AED8-42E0-97F8-4788E6ACDF05}.Release|x86.Build.0 = Release|Any CPU
		{CEE80C97-073A-4E83-BCD7-A7D8B1759DB4}.Debug|Any CPU.ActiveCfg = Debug|Any CPU
		{CEE80C97-073A-4E83-BCD7-A7D8B1759DB4}.Debug|Any CPU.Build.0 = Debug|Any CPU
		{CEE80C97-073A-4E83-BCD7-A7D8B1759DB4}.Debug|x64.ActiveCfg = Debug|Any CPU
		{CEE80C97-073A-4E83-BCD7-A7D8B1759DB4}.Debug|x64.Build.0 = Debug|Any CPU
		{CEE80C97-073A-4E83-BCD7-A7D8B1759DB4}.Debug|x86.ActiveCfg = Debug|Any CPU
		{CEE80C97-073A-4E83-BCD7-A7D8B1759DB4}.Debug|x86.Build.0 = Debug|Any CPU
		{CEE80C97-073A-4E83-BCD7-A7D8B1759DB4}.Release|Any CPU.ActiveCfg = Release|Any CPU
		{CEE80C97-073A-4E83-BCD7-A7D8B1759DB4}.Release|Any CPU.Build.0 = Release|Any CPU
		{CEE80C97-073A-4E83-BCD7-A7D8B1759DB4}.Release|x64.ActiveCfg = Release|Any CPU
		{CEE80C97-073A-4E83-BCD7-A7D8B1759DB4}.Release|x64.Build.0 = Release|Any CPU
		{CEE80C97-073A-4E83-BCD7-A7D8B1759DB4}.Release|x86.ActiveCfg = Release|Any CPU
		{CEE80C97-073A-4E83-BCD7-A7D8B1759DB4}.Release|x86.Build.0 = Release|Any CPU
		{EF27EAE8-1CEE-45A2-A9F6-19F652B8B487}.Debug|Any CPU.ActiveCfg = Debug|Any CPU
		{EF27EAE8-1CEE-45A2-A9F6-19F652B8B487}.Debug|Any CPU.Build.0 = Debug|Any CPU
		{EF27EAE8-1CEE-45A2-A9F6-19F652B8B487}.Debug|x64.ActiveCfg = Debug|Any CPU
		{EF27EAE8-1CEE-45A2-A9F6-19F652B8B487}.Debug|x64.Build.0 = Debug|Any CPU
		{EF27EAE8-1CEE-45A2-A9F6-19F652B8B487}.Debug|x86.ActiveCfg = Debug|Any CPU
		{EF27EAE8-1CEE-45A2-A9F6-19F652B8B487}.Debug|x86.Build.0 = Debug|Any CPU
		{EF27EAE8-1CEE-45A2-A9F6-19F652B8B487}.Release|Any CPU.ActiveCfg = Release|Any CPU
		{EF27EAE8-1CEE-45A2-A9F6-19F652B8B487}.Release|Any CPU.Build.0 = Release|Any CPU
		{EF27EAE8-1CEE-45A2-A9F6-19F652B8B487}.Release|x64.ActiveCfg = Release|Any CPU
		{EF27EAE8-1CEE-45A2-A9F6-19F652B8B487}.Release|x64.Build.0 = Release|Any CPU
		{EF27EAE8-1CEE-45A2-A9F6-19F652B8B487}.Release|x86.ActiveCfg = Release|Any CPU
		{EF27EAE8-1CEE-45A2-A9F6-19F652B8B487}.Release|x86.Build.0 = Release|Any CPU
		{9B4CB598-0A5A-4F6C-894D-5A4EA27CE6F0}.Debug|Any CPU.ActiveCfg = Debug|Any CPU
		{9B4CB598-0A5A-4F6C-894D-5A4EA27CE6F0}.Debug|Any CPU.Build.0 = Debug|Any CPU
		{9B4CB598-0A5A-4F6C-894D-5A4EA27CE6F0}.Debug|x64.ActiveCfg = Debug|Any CPU
		{9B4CB598-0A5A-4F6C-894D-5A4EA27CE6F0}.Debug|x64.Build.0 = Debug|Any CPU
		{9B4CB598-0A5A-4F6C-894D-5A4EA27CE6F0}.Debug|x86.ActiveCfg = Debug|Any CPU
		{9B4CB598-0A5A-4F6C-894D-5A4EA27CE6F0}.Debug|x86.Build.0 = Debug|Any CPU
		{9B4CB598-0A5A-4F6C-894D-5A4EA27CE6F0}.Release|Any CPU.ActiveCfg = Release|Any CPU
		{9B4CB598-0A5A-4F6C-894D-5A4EA27CE6F0}.Release|Any CPU.Build.0 = Release|Any CPU
		{9B4CB598-0A5A-4F6C-894D-5A4EA27CE6F0}.Release|x64.ActiveCfg = Release|Any CPU
		{9B4CB598-0A5A-4F6C-894D-5A4EA27CE6F0}.Release|x64.Build.0 = Release|Any CPU
		{9B4CB598-0A5A-4F6C-894D-5A4EA27CE6F0}.Release|x86.ActiveCfg = Release|Any CPU
		{9B4CB598-0A5A-4F6C-894D-5A4EA27CE6F0}.Release|x86.Build.0 = Release|Any CPU
		{279D631D-8A5C-4C23-BD48-F754D5AD3C44}.Debug|Any CPU.ActiveCfg = Debug|Any CPU
		{279D631D-8A5C-4C23-BD48-F754D5AD3C44}.Debug|Any CPU.Build.0 = Debug|Any CPU
		{279D631D-8A5C-4C23-BD48-F754D5AD3C44}.Debug|x64.ActiveCfg = Debug|Any CPU
		{279D631D-8A5C-4C23-BD48-F754D5AD3C44}.Debug|x64.Build.0 = Debug|Any CPU
		{279D631D-8A5C-4C23-BD48-F754D5AD3C44}.Debug|x86.ActiveCfg = Debug|Any CPU
		{279D631D-8A5C-4C23-BD48-F754D5AD3C44}.Debug|x86.Build.0 = Debug|Any CPU
		{279D631D-8A5C-4C23-BD48-F754D5AD3C44}.Release|Any CPU.ActiveCfg = Release|Any CPU
		{279D631D-8A5C-4C23-BD48-F754D5AD3C44}.Release|Any CPU.Build.0 = Release|Any CPU
		{279D631D-8A5C-4C23-BD48-F754D5AD3C44}.Release|x64.ActiveCfg = Release|Any CPU
		{279D631D-8A5C-4C23-BD48-F754D5AD3C44}.Release|x64.Build.0 = Release|Any CPU
		{279D631D-8A5C-4C23-BD48-F754D5AD3C44}.Release|x86.ActiveCfg = Release|Any CPU
		{279D631D-8A5C-4C23-BD48-F754D5AD3C44}.Release|x86.Build.0 = Release|Any CPU
		{0843C397-3119-4EE9-9C70-C9FF3B4D43EA}.Debug|Any CPU.ActiveCfg = Debug|Any CPU
		{0843C397-3119-4EE9-9C70-C9FF3B4D43EA}.Debug|Any CPU.Build.0 = Debug|Any CPU
		{0843C397-3119-4EE9-9C70-C9FF3B4D43EA}.Debug|x64.ActiveCfg = Debug|Any CPU
		{0843C397-3119-4EE9-9C70-C9FF3B4D43EA}.Debug|x64.Build.0 = Debug|Any CPU
		{0843C397-3119-4EE9-9C70-C9FF3B4D43EA}.Debug|x86.ActiveCfg = Debug|Any CPU
		{0843C397-3119-4EE9-9C70-C9FF3B4D43EA}.Debug|x86.Build.0 = Debug|Any CPU
		{0843C397-3119-4EE9-9C70-C9FF3B4D43EA}.Release|Any CPU.ActiveCfg = Release|Any CPU
		{0843C397-3119-4EE9-9C70-C9FF3B4D43EA}.Release|Any CPU.Build.0 = Release|Any CPU
		{0843C397-3119-4EE9-9C70-C9FF3B4D43EA}.Release|x64.ActiveCfg = Release|Any CPU
		{0843C397-3119-4EE9-9C70-C9FF3B4D43EA}.Release|x64.Build.0 = Release|Any CPU
		{0843C397-3119-4EE9-9C70-C9FF3B4D43EA}.Release|x86.ActiveCfg = Release|Any CPU
		{0843C397-3119-4EE9-9C70-C9FF3B4D43EA}.Release|x86.Build.0 = Release|Any CPU
		{850D7213-4D35-46C4-B54E-24FBDF95270D}.Debug|Any CPU.ActiveCfg = Debug|Any CPU
		{850D7213-4D35-46C4-B54E-24FBDF95270D}.Debug|Any CPU.Build.0 = Debug|Any CPU
		{850D7213-4D35-46C4-B54E-24FBDF95270D}.Debug|x64.ActiveCfg = Debug|Any CPU
		{850D7213-4D35-46C4-B54E-24FBDF95270D}.Debug|x64.Build.0 = Debug|Any CPU
		{850D7213-4D35-46C4-B54E-24FBDF95270D}.Debug|x86.ActiveCfg = Debug|Any CPU
		{850D7213-4D35-46C4-B54E-24FBDF95270D}.Debug|x86.Build.0 = Debug|Any CPU
		{850D7213-4D35-46C4-B54E-24FBDF95270D}.Release|Any CPU.ActiveCfg = Release|Any CPU
		{850D7213-4D35-46C4-B54E-24FBDF95270D}.Release|Any CPU.Build.0 = Release|Any CPU
		{850D7213-4D35-46C4-B54E-24FBDF95270D}.Release|x64.ActiveCfg = Release|Any CPU
		{850D7213-4D35-46C4-B54E-24FBDF95270D}.Release|x64.Build.0 = Release|Any CPU
		{850D7213-4D35-46C4-B54E-24FBDF95270D}.Release|x86.ActiveCfg = Release|Any CPU
		{850D7213-4D35-46C4-B54E-24FBDF95270D}.Release|x86.Build.0 = Release|Any CPU
		{858AB698-9838-40EE-931D-84B582B299F8}.Debug|Any CPU.ActiveCfg = Debug|Any CPU
		{858AB698-9838-40EE-931D-84B582B299F8}.Debug|Any CPU.Build.0 = Debug|Any CPU
		{858AB698-9838-40EE-931D-84B582B299F8}.Debug|x64.ActiveCfg = Debug|Any CPU
		{858AB698-9838-40EE-931D-84B582B299F8}.Debug|x64.Build.0 = Debug|Any CPU
		{858AB698-9838-40EE-931D-84B582B299F8}.Debug|x86.ActiveCfg = Debug|Any CPU
		{858AB698-9838-40EE-931D-84B582B299F8}.Debug|x86.Build.0 = Debug|Any CPU
		{858AB698-9838-40EE-931D-84B582B299F8}.Release|Any CPU.ActiveCfg = Release|Any CPU
		{858AB698-9838-40EE-931D-84B582B299F8}.Release|Any CPU.Build.0 = Release|Any CPU
		{858AB698-9838-40EE-931D-84B582B299F8}.Release|x64.ActiveCfg = Release|Any CPU
		{858AB698-9838-40EE-931D-84B582B299F8}.Release|x64.Build.0 = Release|Any CPU
		{858AB698-9838-40EE-931D-84B582B299F8}.Release|x86.ActiveCfg = Release|Any CPU
		{858AB698-9838-40EE-931D-84B582B299F8}.Release|x86.Build.0 = Release|Any CPU
		{40DB5CDD-FABE-4805-944F-3867EC221722}.Debug|Any CPU.ActiveCfg = Debug|Any CPU
		{40DB5CDD-FABE-4805-944F-3867EC221722}.Debug|Any CPU.Build.0 = Debug|Any CPU
		{40DB5CDD-FABE-4805-944F-3867EC221722}.Debug|x64.ActiveCfg = Debug|Any CPU
		{40DB5CDD-FABE-4805-944F-3867EC221722}.Debug|x64.Build.0 = Debug|Any CPU
		{40DB5CDD-FABE-4805-944F-3867EC221722}.Debug|x86.ActiveCfg = Debug|Any CPU
		{40DB5CDD-FABE-4805-944F-3867EC221722}.Debug|x86.Build.0 = Debug|Any CPU
		{40DB5CDD-FABE-4805-944F-3867EC221722}.Release|Any CPU.ActiveCfg = Release|Any CPU
		{40DB5CDD-FABE-4805-944F-3867EC221722}.Release|Any CPU.Build.0 = Release|Any CPU
		{40DB5CDD-FABE-4805-944F-3867EC221722}.Release|x64.ActiveCfg = Release|Any CPU
		{40DB5CDD-FABE-4805-944F-3867EC221722}.Release|x64.Build.0 = Release|Any CPU
		{40DB5CDD-FABE-4805-944F-3867EC221722}.Release|x86.ActiveCfg = Release|Any CPU
		{40DB5CDD-FABE-4805-944F-3867EC221722}.Release|x86.Build.0 = Release|Any CPU
		{8ADDC536-84C8-4FCB-9DAA-562FB416C2F5}.Debug|Any CPU.ActiveCfg = Debug|Any CPU
		{8ADDC536-84C8-4FCB-9DAA-562FB416C2F5}.Debug|Any CPU.Build.0 = Debug|Any CPU
		{8ADDC536-84C8-4FCB-9DAA-562FB416C2F5}.Debug|x64.ActiveCfg = Debug|Any CPU
		{8ADDC536-84C8-4FCB-9DAA-562FB416C2F5}.Debug|x64.Build.0 = Debug|Any CPU
		{8ADDC536-84C8-4FCB-9DAA-562FB416C2F5}.Debug|x86.ActiveCfg = Debug|Any CPU
		{8ADDC536-84C8-4FCB-9DAA-562FB416C2F5}.Debug|x86.Build.0 = Debug|Any CPU
		{8ADDC536-84C8-4FCB-9DAA-562FB416C2F5}.Release|Any CPU.ActiveCfg = Release|Any CPU
		{8ADDC536-84C8-4FCB-9DAA-562FB416C2F5}.Release|Any CPU.Build.0 = Release|Any CPU
		{8ADDC536-84C8-4FCB-9DAA-562FB416C2F5}.Release|x64.ActiveCfg = Release|Any CPU
		{8ADDC536-84C8-4FCB-9DAA-562FB416C2F5}.Release|x64.Build.0 = Release|Any CPU
		{8ADDC536-84C8-4FCB-9DAA-562FB416C2F5}.Release|x86.ActiveCfg = Release|Any CPU
		{8ADDC536-84C8-4FCB-9DAA-562FB416C2F5}.Release|x86.Build.0 = Release|Any CPU
	EndGlobalSection
	GlobalSection(SolutionProperties) = preSolution
		HideSolutionNode = FALSE
	EndGlobalSection
	GlobalSection(NestedProjects) = preSolution
		{66D2B941-7DB8-4D84-8EDE-68F441404339} = {827E0CD3-B72D-47B6-A68D-7590B98EB39B}
		{FB66D7CE-2757-4AF9-AD3C-0AC1B09E6BF2} = {827E0CD3-B72D-47B6-A68D-7590B98EB39B}
		{F122531F-638B-4E0E-B293-A292E7359383} = {827E0CD3-B72D-47B6-A68D-7590B98EB39B}
		{A6CAEF3D-AED8-42E0-97F8-4788E6ACDF05} = {827E0CD3-B72D-47B6-A68D-7590B98EB39B}
		{CEE80C97-073A-4E83-BCD7-A7D8B1759DB4} = {827E0CD3-B72D-47B6-A68D-7590B98EB39B}
		{EF27EAE8-1CEE-45A2-A9F6-19F652B8B487} = {827E0CD3-B72D-47B6-A68D-7590B98EB39B}
		{9B4CB598-0A5A-4F6C-894D-5A4EA27CE6F0} = {0AB3BF05-4346-4AA6-1389-037BE0695223}
		{279D631D-8A5C-4C23-BD48-F754D5AD3C44} = {0AB3BF05-4346-4AA6-1389-037BE0695223}
		{0843C397-3119-4EE9-9C70-C9FF3B4D43EA} = {0AB3BF05-4346-4AA6-1389-037BE0695223}
		{850D7213-4D35-46C4-B54E-24FBDF95270D} = {0AB3BF05-4346-4AA6-1389-037BE0695223}
		{858AB698-9838-40EE-931D-84B582B299F8} = {0AB3BF05-4346-4AA6-1389-037BE0695223}
		{40DB5CDD-FABE-4805-944F-3867EC221722} = {827E0CD3-B72D-47B6-A68D-7590B98EB39B}
		{8ADDC536-84C8-4FCB-9DAA-562FB416C2F5} = {827E0CD3-B72D-47B6-A68D-7590B98EB39B}
	EndGlobalSection
EndGlobal
